<Solution>
  <Folder Name="/src/">
    <Project Path="src/Northwind.Audit/Northwind.Audit.csproj" />
    <Project Path="src/Northwind.Domain/Northwind.Domain.csproj" />
    <Project Path="src/Northwind.Quotes/Northwind.Quotes.csproj" />
  </Folder>
  <Folder Name="/tests/">
    <Project Path="tests/Northwind.AcceptanceTests/Northwind.AcceptanceTests.csproj" />
    <Project Path="tests/Northwind.UnitTests/Northwind.UnitTests.csproj" />
  </Folder>
</Solution>
